
Microsoft Visual Studio Solution File, Format Version 12.00
# Visual Studio 16
Project("{FAE04EC0-301F-11D3-BF4B-00C04F79EFBC}") = "Assembly-CSharp", "Assembly-CSharp.csproj", "{C670A749-AD87-E6ED-9961-A61648C79306}"
EndProject
Project("{FAE04EC0-301F-11D3-BF4B-00C04F79EFBC}") = "Assembly-CSharp-Editor", "Assembly-CSharp-Editor.csproj", "{215BB35F-987B-9D84-AA03-543521E5861C}"
EndProject
Global
	GlobalSection(SolutionConfigurationPlatforms) = preSolution
		Debug|Any CPU = Debug|Any CPU
		Release|Any CPU = Release|Any CPU
	EndGlobalSection
	GlobalSection(ProjectConfigurationPlatforms) = postSolution
		{C670A749-AD87-E6ED-9961-A61648C79306}.Debug|Any CPU.ActiveCfg = Debug|Any CPU
		{C670A749-AD87-E6ED-9961-A61648C79306}.Debug|Any CPU.Build.0 = Debug|Any CPU
		{C670A749-AD87-E6ED-9961-A61648C79306}.Release|Any CPU.ActiveCfg = Release|Any CPU
		{C670A749-AD87-E6ED-9961-A61648C79306}.Release|Any CPU.Build.0 = Release|Any CPU
		{215BB35F-987B-9D84-AA03-543521E5861C}.Debug|Any CPU.ActiveCfg = Debug|Any CPU
		{215BB35F-987B-9D84-AA03-543521E5861C}.Debug|Any CPU.Build.0 = Debug|Any CPU
		{215BB35F-987B-9D84-AA03-543521E5861C}.Release|Any CPU.ActiveCfg = Release|Any CPU
		{215BB35F-987B-9D84-AA03-543521E5861C}.Release|Any CPU.Build.0 = Release|Any CPU
	EndGlobalSection
	GlobalSection(SolutionProperties) = preSolution
		HideSolutionNode = FALSE
	EndGlobalSection
EndGlobal
